
Microsoft Visual Studio Solution File, Format Version 12.00
# Visual Studio Version 17
VisualStudioVersion = 17.12.35506.116
MinimumVisualStudioVersion = 10.0.40219.1
Project("{FAE04EC0-301F-11D3-BF4B-00C04F79EFBC}") = "EveryMatrixApp.Presentation", "EveryMatrixApp.Presentation\EveryMatrixApp.Presentation.csproj", "{91190A4C-5BBB-43FC-B514-3E16C6EF6D51}"
EndProject
Project("{FAE04EC0-301F-11D3-BF4B-00C04F79EFBC}") = "EveryMatrix.Domain", "EveryMatrix.Domain\EveryMatrix.Domain.csproj", "{D33FFA61-AAB7-4916-BA3D-2E6C00809BB6}"
EndProject
Project("{FAE04EC0-301F-11D3-BF4B-00C04F79EFBC}") = "EveryMatrix.Application", "EveryMatrix.Application\EveryMatrix.Application.csproj", "{C1D94C17-946B-4520-8CE2-5E7A07A50B9F}"
EndProject
Project("{FAE04EC0-301F-11D3-BF4B-00C04F79EFBC}") = "EveryMatrix.Infrastructure", "EveryMatrix.Infrastructure\EveryMatrix.Infrastructure.csproj", "{E663EDF0-BA9B-40D5-AF4E-6C1759ECF426}"
EndProject
Project("{FAE04EC0-301F-11D3-BF4B-00C04F79EFBC}") = "EveryMatrix.Tests", "EveryMatrix.Tests\EveryMatrix.Tests.csproj", "{1D3D9869-3023-47E4-B3C8-FA4F67A52E68}"
EndProject
Global
	GlobalSection(SolutionConfigurationPlatforms) = preSolution
		Debug|Any CPU = Debug|Any CPU
		Release|Any CPU = Release|Any CPU
	EndGlobalSection
	GlobalSection(ProjectConfigurationPlatforms) = postSolution
		{91190A4C-5BBB-43FC-B514-3E16C6EF6D51}.Debug|Any CPU.ActiveCfg = Debug|Any CPU
		{91190A4C-5BBB-43FC-B514-3E16C6EF6D51}.Debug|Any CPU.Build.0 = Debug|Any CPU
		{91190A4C-5BBB-43FC-B514-3E16C6EF6D51}.Release|Any CPU.ActiveCfg = Release|Any CPU
		{91190A4C-5BBB-43FC-B514-3E16C6EF6D51}.Release|Any CPU.Build.0 = Release|Any CPU
		{D33FFA61-AAB7-4916-BA3D-2E6C00809BB6}.Debug|Any CPU.ActiveCfg = Debug|Any CPU
		{D33FFA61-AAB7-4916-BA3D-2E6C00809BB6}.Debug|Any CPU.Build.0 = Debug|Any CPU
		{D33FFA61-AAB7-4916-BA3D-2E6C00809BB6}.Release|Any CPU.ActiveCfg = Release|Any CPU
		{D33FFA61-AAB7-4916-BA3D-2E6C00809BB6}.Release|Any CPU.Build.0 = Release|Any CPU
		{C1D94C17-946B-4520-8CE2-5E7A07A50B9F}.Debug|Any CPU.ActiveCfg = Debug|Any CPU
		{C1D94C17-946B-4520-8CE2-5E7A07A50B9F}.Debug|Any CPU.Build.0 = Debug|Any CPU
		{C1D94C17-946B-4520-8CE2-5E7A07A50B9F}.Release|Any CPU.ActiveCfg = Release|Any CPU
		{C1D94C17-946B-4520-8CE2-5E7A07A50B9F}.Release|Any CPU.Build.0 = Release|Any CPU
		{E663EDF0-BA9B-40D5-AF4E-6C1759ECF426}.Debug|Any CPU.ActiveCfg = Debug|Any CPU
		{E663EDF0-BA9B-40D5-AF4E-6C1759ECF426}.Debug|Any CPU.Build.0 = Debug|Any CPU
		{E663EDF0-BA9B-40D5-AF4E-6C1759ECF426}.Release|Any CPU.ActiveCfg = Release|Any CPU
		{E663EDF0-BA9B-40D5-AF4E-6C1759ECF426}.Release|Any CPU.Build.0 = Release|Any CPU
		{1D3D9869-3023-47E4-B3C8-FA4F67A52E68}.Debug|Any CPU.ActiveCfg = Debug|Any CPU
		{1D3D9869-3023-47E4-B3C8-FA4F67A52E68}.Debug|Any CPU.Build.0 = Debug|Any CPU
		{1D3D9869-3023-47E4-B3C8-FA4F67A52E68}.Release|Any CPU.ActiveCfg = Release|Any CPU
		{1D3D9869-3023-47E4-B3C8-FA4F67A52E68}.Release|Any CPU.Build.0 = Release|Any CPU
	EndGlobalSection
	GlobalSection(SolutionProperties) = preSolution
		HideSolutionNode = FALSE
	EndGlobalSection
EndGlobal
